
Microsoft Visual Studio Solution File, Format Version 12.00
# Visual Studio Version 16
VisualStudioVersion = 16.0.31624.102
MinimumVisualStudioVersion = 10.0.40219.1
Project("{9A19103F-16F7-4668-BE54-9A1E7A4F7556}") = "Game_XO", "Game_XO.csproj", "{5C1ADF7A-E61F-4D9F-91A3-997CE321B1C1}"
EndProject
Global
	GlobalSection(SolutionConfigurationPlatforms) = preSolution
		Debug|Any CPU = Debug|Any CPU
		Release|Any CPU = Release|Any CPU
	EndGlobalSection
	GlobalSection(ProjectConfigurationPlatforms) = postSolution
		{5C1ADF7A-E61F-4D9F-91A3-997CE321B1C1}.Debug|Any CPU.ActiveCfg = Debug|Any CPU
		{5C1ADF7A-E61F-4D9F-91A3-997CE321B1C1}.Debug|Any CPU.Build.0 = Debug|Any CPU
		{5C1ADF7A-E61F-4D9F-91A3-997CE321B1C1}.Release|Any CPU.ActiveCfg = Release|Any CPU
		{5C1ADF7A-E61F-4D9F-91A3-997CE321B1C1}.Release|Any CPU.Build.0 = Release|Any CPU
	EndGlobalSection
	GlobalSection(SolutionProperties) = preSolution
		HideSolutionNode = FALSE
	EndGlobalSection
	GlobalSection(ExtensibilityGlobals) = postSolution
		SolutionGuid = {D0528DF5-7ED5-4D96-B991-240D32404BBD}
	EndGlobalSection
EndGlobal
